
Microsoft Visual Studio Solution File, Format Version 12.00
# Visual Studio 15
VisualStudioVersion = 15.0.28307.1259
MinimumVisualStudioVersion = 10.0.40219.1
Project("{8BC9CEB8-8B4A-11D0-8D11-00A0C91BC942}") = "hw", "hw\hw.vcxproj", "{B1F5651B-983A-4274-BF69-775F0F339475}"
EndProject
Global
	GlobalSection(SolutionConfigurationPlatforms) = preSolution
		Debug|x64 = Debug|x64
		Debug|x86 = Debug|x86
		Release|x64 = Release|x64
		Release|x86 = Release|x86
	EndGlobalSection
	GlobalSection(ProjectConfigurationPlatforms) = postSolution
		{B1F5651B-983A-4274-BF69-775F0F339475}.Debug|x64.ActiveCfg = Debug|x64
		{B1F5651B-983A-4274-BF69-775F0F339475}.Debug|x64.Build.0 = Debug|x64
		{B1F5651B-983A-4274-BF69-775F0F339475}.Debug|x86.ActiveCfg = Debug|Win32
		{B1F5651B-983A-4274-BF69-775F0F339475}.Debug|x86.Build.0 = Debug|Win32
		{B1F5651B-983A-4274-BF69-775F0F339475}.Release|x64.ActiveCfg = Release|x64
		{B1F5651B-983A-4274-BF69-775F0F339475}.Release|x64.Build.0 = Release|x64
		{B1F5651B-983A-4274-BF69-775F0F339475}.Release|x86.ActiveCfg = Release|Win32
		{B1F5651B-983A-4274-BF69-775F0F339475}.Release|x86.Build.0 = Release|Win32
	EndGlobalSection
	GlobalSection(SolutionProperties) = preSolution
		HideSolutionNode = FALSE
	EndGlobalSection
	GlobalSection(ExtensibilityGlobals) = postSolution
		SolutionGuid = {A5C5220F-0A0A-4F37-AF73-B2DEA222900B}
	EndGlobalSection
EndGlobal
